// !$*UTF8*$!
{
	archiveVersion = 1;
	classes = {
	};
	objectVersion = 46;
	objects = {

/* Begin PBXBuildFile section */
		1A61CFB41CD457D40059E089 /* AppDelegate.swift in Sources */ = {isa = PBXBuildFile; fileRef = 1A61CFB31CD457D40059E089 /* AppDelegate.swift */; };
		1A61CFB61CD457D40059E089 /* ViewController.swift in Sources */ = {isa = PBXBuildFile; fileRef = 1A61CFB51CD457D40059E089 /* ViewController.swift */; };
		1A61CFB91CD457D40059E089 /* Main.storyboard in Resources */ = {isa = PBXBuildFile; fileRef = 1A61CFB71CD457D40059E089 /* Main.storyboard */; };
		1A61CFBB1CD457D40059E089 /* Assets.xcassets in Resources */ = {isa = PBXBuildFile; fileRef = 1A61CFBA1CD457D40059E089 /* Assets.xcassets */; };
		1A61CFBE1CD457D40059E089 /* LaunchScreen.storyboard in Resources */ = {isa = PBXBuildFile; fileRef = 1A61CFBC1CD457D40059E089 /* LaunchScreen.storyboard */; };
		1A61CFC61CD459980059E089 /* HerniaPageViewController.swift in Sources */ = {isa = PBXBuildFile; fileRef = 1A61CFC51CD459980059E089 /* HerniaPageViewController.swift */; };
		1A61CFC81CD45B240059E089 /* VeinsPageViewController.swift in Sources */ = {isa = PBXBuildFile; fileRef = 1A61CFC71CD45B240059E089 /* VeinsPageViewController.swift */; };
		1AB33C0E1CE22AF000A6456F /* SclerotherapyViewController.swift in Sources */ = {isa = PBXBuildFile; fileRef = 1AB33C0D1CE22AF000A6456F /* SclerotherapyViewController.swift */; };
		1AFCFB861CE275A000C4C67D /* AmbulatoryViewController.swift in Sources */ = {isa = PBXBuildFile; fileRef = 1AFCFB851CE275A000C4C67D /* AmbulatoryViewController.swift */; };
		1AFCFB881CE2765D00C4C67D /* LaserViewController.swift in Sources */ = {isa = PBXBuildFile; fileRef = 1AFCFB871CE2765D00C4C67D /* LaserViewController.swift */; };
/* End PBXBuildFile section */

/* Begin PBXFileReference section */
		1A61CFB01CD457D40059E089 /* Common Conditions.app */ = {isa = PBXFileReference; explicitFileType = wrapper.application; includeInIndex = 0; path = "Common Conditions.app"; sourceTree = BUILT_PRODUCTS_DIR; };
		1A61CFB31CD457D40059E089 /* AppDelegate.swift */ = {isa = PBXFileReference; lastKnownFileType = sourcecode.swift; path = AppDelegate.swift; sourceTree = "<group>"; };
		1A61CFB51CD457D40059E089 /* ViewController.swift */ = {isa = PBXFileReference; lastKnownFileType = sourcecode.swift; path = ViewController.swift; sourceTree = "<group>"; };
		1A61CFB81CD457D40059E089 /* Base */ = {isa = PBXFileReference; lastKnownFileType = file.storyboard; name = Base; path = Base.lproj/Main.storyboard; sourceTree = "<group>"; };
		1A61CFBA1CD457D40059E089 /* Assets.xcassets */ = {isa = PBXFileReference; lastKnownFileType = folder.assetcatalog; path = Assets.xcassets; sourceTree = "<group>"; };
		1A61CFBD1CD457D40059E089 /* Base */ = {isa = PBXFileReference; lastKnownFileType = file.storyboard; name = Base; path = Base.lproj/LaunchScreen.storyboard; sourceTree = "<group>"; };
		1A61CFBF1CD457D40059E089 /* Info.plist */ = {isa = PBXFileReference; lastKnownFileType = text.plist.xml; path = Info.plist; sourceTree = "<group>"; };
		1A61CFC51CD459980059E089 /* HerniaPageViewController.swift */ = {isa = PBXFileReference; fileEncoding = 4; lastKnownFileType = sourcecode.swift; path = HerniaPageViewController.swift; sourceTree = "<group>"; };
		1A61CFC71CD45B240059E089 /* VeinsPageViewController.swift */ = {isa = PBXFileReference; fileEncoding = 4; lastKnownFileType = sourcecode.swift; path = VeinsPageViewController.swift; sourceTree = "<group>"; };
		1AB33C0D1CE22AF000A6456F /* SclerotherapyViewController.swift */ = {isa = PBXFileReference; fileEncoding = 4; lastKnownFileType = sourcecode.swift; path = SclerotherapyViewController.swift; sourceTree = "<group>"; };
		1AFCFB851CE275A000C4C67D /* AmbulatoryViewController.swift */ = {isa = PBXFileReference; fileEncoding = 4; lastKnownFileType = sourcecode.swift; path = AmbulatoryViewController.swift; sourceTree = "<group>"; };
		1AFCFB871CE2765D00C4C67D /* LaserViewController.swift */ = {isa = PBXFileReference; fileEncoding = 4; lastKnownFileType = sourcecode.swift; path = LaserViewController.swift; sourceTree = "<group>"; };
/* End PBXFileReference section */

/* Begin PBXFrameworksBuildPhase section */
		1A61CFAD1CD457D40059E089 /* Frameworks */ = {
			isa = PBXFrameworksBuildPhase;
			buildActionMask = 2147483647;
			files = (
			);
			runOnlyForDeploymentPostprocessing = 0;
		};
/* End PBXFrameworksBuildPhase section */

/* Begin PBXGroup section */
		1A61CFA71CD457D40059E089 = {
			isa = PBXGroup;
			children = (
				1A61CFB21CD457D40059E089 /* Common Conditions */,
				1A61CFB11CD457D40059E089 /* Products */,
			);
			sourceTree = "<group>";
		};
		1A61CFB11CD457D40059E089 /* Products */ = {
			isa = PBXGroup;
			children = (
				1A61CFB01CD457D40059E089 /* Common Conditions.app */,
			);
			name = Products;
			sourceTree = "<group>";
		};
		1A61CFB21CD457D40059E089 /* Common Conditions */ = {
			isa = PBXGroup;
			children = (
				1A61CFB31CD457D40059E089 /* AppDelegate.swift */,
				1A61CFB51CD457D40059E089 /* ViewController.swift */,
				1A61CFB71CD457D40059E089 /* Main.storyboard */,
				1AFCFB871CE2765D00C4C67D /* LaserViewController.swift */,
				1AB33C0D1CE22AF000A6456F /* SclerotherapyViewController.swift */,
				1A61CFC71CD45B240059E089 /* VeinsPageViewController.swift */,
				1A61CFC51CD459980059E089 /* HerniaPageViewController.swift */,
				1AFCFB851CE275A000C4C67D /* AmbulatoryViewController.swift */,
				1A61CFBA1CD457D40059E089 /* Assets.xcassets */,
				1A61CFBC1CD457D40059E089 /* LaunchScreen.storyboard */,
				1A61CFBF1CD457D40059E089 /* Info.plist */,
			);
			path = "Common Conditions";
			sourceTree = "<group>";
		};
/* End PBXGroup section */

/* Begin PBXNativeTarget section */
		1A61CFAF1CD457D40059E089 /* Common Conditions */ = {
			isa = PBXNativeTarget;
			buildConfigurationList = 1A61CFC21CD457D50059E089 /* Build configuration list for PBXNativeTarget "Common Conditions" */;
			buildPhases = (
				1A61CFAC1CD457D40059E089 /* Sources */,
				1A61CFAD1CD457D40059E089 /* Frameworks */,
				1A61CFAE1CD457D40059E089 /* Resources */,
			);
			buildRules = (
			);
			dependencies = (
			);
			name = "Common Conditions";
			productName = "Common Conditions";
			productReference = 1A61CFB01CD457D40059E089 /* Common Conditions.app */;
			productType = "com.apple.product-type.application";
		};
/* End PBXNativeTarget section */

/* Begin PBXProject section */
		1A61CFA81CD457D40059E089 /* Project object */ = {
			isa = PBXProject;
			attributes = {
				LastSwiftUpdateCheck = 0730;
				LastUpgradeCheck = 0730;
				ORGANIZATIONNAME = "Cameron Bardell";
				TargetAttributes = {
					1A61CFAF1CD457D40059E089 = {
						CreatedOnToolsVersion = 7.3;
					};
				};
			};
			buildConfigurationList = 1A61CFAB1CD457D40059E089 /* Build configuration list for PBXProject "Common Conditions" */;
			compatibilityVersion = "Xcode 3.2";
			developmentRegion = English;
			hasScannedForEncodings = 0;
			knownRegions = (
				en,
				Base,
			);
			mainGroup = 1A61CFA71CD457D40059E089;
			productRefGroup = 1A61CFB11CD457D40059E089 /* Products */;
			projectDirPath = "";
			projectRoot = "";
			targets = (
				1A61CFAF1CD457D40059E089 /* Common Conditions */,
			);
		};
/* End PBXProject section */

/* Begin PBXResourcesBuildPhase section */
		1A61CFAE1CD457D40059E089 /* Resources */ = {
			isa = PBXResourcesBuildPhase;
			buildActionMask = 2147483647;
			files = (
				1A61CFBE1CD457D40059E089 /* LaunchScreen.storyboard in Resources */,
				1A61CFBB1CD457D40059E089 /* Assets.xcassets in Resources */,
				1A61CFB91CD457D40059E089 /* Main.storyboard in Resources */,
			);
			runOnlyForDeploymentPostprocessing = 0;
		};
/* End PBXResourcesBuildPhase section */

/* Begin PBXSourcesBuildPhase section */
		1A61CFAC1CD457D40059E089 /* Sources */ = {
			isa = PBXSourcesBuildPhase;
			buildActionMask = 2147483647;
			files = (
				1A61CFB61CD457D40059E089 /* ViewController.swift in Sources */,
				1A61CFC81CD45B240059E089 /* VeinsPageViewController.swift in Sources */,
				1A61CFB41CD457D40059E089 /* AppDelegate.swift in Sources */,
				1AB33C0E1CE22AF000A6456F /* SclerotherapyViewController.swift in Sources */,
				1AFCFB881CE2765D00C4C67D /* LaserViewController.swift in Sources */,
				1AFCFB861CE275A000C4C67D /* AmbulatoryViewController.swift in Sources */,
				1A61CFC61CD459980059E089 /* HerniaPageViewController.swift in Sources */,
			);
			runOnlyForDeploymentPostprocessing = 0;
		};
/* End PBXSourcesBuildPhase section */

/* Begin PBXVariantGroup section */
		1A61CFB71CD457D40059E089 /* Main.storyboard */ = {
			isa = PBXVariantGroup;
			children = (
				1A61CFB81CD457D40059E089 /* Base */,
			);
			name = Main.storyboard;
			sourceTree = "<group>";
		};
		1A61CFBC1CD457D40059E089 /* LaunchScreen.storyboard */ = {
			isa = PBXVariantGroup;
			children = (
				1A61CFBD1CD457D40059E089 /* Base */,
			);
			name = LaunchScreen.storyboard;
			sourceTree = "<group>";
		};
/* End PBXVariantGroup section */

/* Begin XCBuildConfiguration section */
		1A61CFC01CD457D50059E089 /* Debug */ = {
			isa = XCBuildConfiguration;
			buildSettings = {
				ALWAYS_SEARCH_USER_PATHS = NO;
				CLANG_ANALYZER_NONNULL = YES;
				CLANG_CXX_LANGUAGE_STANDARD = "gnu++0x";
				CLANG_CXX_LIBRARY = "libc++";
				CLANG_ENABLE_MODULES = YES;
				CLANG_ENABLE_OBJC_ARC = YES;
				CLANG_WARN_BOOL_CONVERSION = YES;
				CLANG_WARN_CONSTANT_CONVERSION = YES;
				CLANG_WARN_DIRECT_OBJC_ISA_USAGE = YES_ERROR;
				CLANG_WARN_EMPTY_BODY = YES;
				CLANG_WARN_ENUM_CONVERSION = YES;
				CLANG_WARN_INT_CONVERSION = YES;
				CLANG_WARN_OBJC_ROOT_CLASS = YES_ERROR;
				CLANG_WARN_UNREACHABLE_CODE = YES;
				CLANG_WARN__DUPLICATE_METHOD_MATCH = YES;
				"CODE_SIGN_IDENTITY[sdk=iphoneos*]" = "iPhone Developer";
				COPY_PHASE_STRIP = NO;
				DEBUG_INFORMATION_FORMAT = dwarf;
				ENABLE_STRICT_OBJC_MSGSEND = YES;
				ENABLE_TESTABILITY = YES;
				GCC_C_LANGUAGE_STANDARD = gnu99;
				GCC_DYNAMIC_NO_PIC = NO;
				GCC_NO_COMMON_BLOCKS = YES;
				GCC_OPTIMIZATION_LEVEL = 0;
				GCC_PREPROCESSOR_DEFINITIONS = (
					"DEBUG=1",
					"$(inherited)",
				);
				GCC_WARN_64_TO_32_BIT_CONVERSION = YES;
				GCC_WARN_ABOUT_RETURN_TYPE = YES_ERROR;
				GCC_WARN_UNDECLARED_SELECTOR = YES;
				GCC_WARN_UNINITIALIZED_AUTOS = YES_AGGRESSIVE;
				GCC_WARN_UNUSED_FUNCTION = YES;
				GCC_WARN_UNUSED_VARIABLE = YES;
				IPHONEOS_DEPLOYMENT_TARGET = 9.3;
				MTL_ENABLE_DEBUG_INFO = YES;
				ONLY_ACTIVE_ARCH = YES;
				SDKROOT = iphoneos;
				SWIFT_OPTIMIZATION_LEVEL = "-Onone";
			};
			name = Debug;
		};
		1A61CFC11CD457D50059E089 /* Release */ = {
			isa = XCBuildConfiguration;
			buildSettings = {
				ALWAYS_SEARCH_USER_PATHS = NO;
				CLANG_ANALYZER_NONNULL = YES;
				CLANG_CXX_LANGUAGE_STANDARD = "gnu++0x";
				CLANG_CXX_LIBRARY = "libc++";
				CLANG_ENABLE_MODULES = YES;
				CLANG_ENABLE_OBJC_ARC = YES;
				CLANG_WARN_BOOL_CONVERSION = YES;
				CLANG_WARN_CONSTANT_CONVERSION = YES;
				CLANG_WARN_DIRECT_OBJC_ISA_USAGE = YES_ERROR;
				CLANG_WARN_EMPTY_BODY = YES;
				CLANG_WARN_ENUM_CONVERSION = YES;
				CLANG_WARN_INT_CONVERSION = YES;
				CLANG_WARN_OBJC_ROOT_CLASS = YES_ERROR;
				CLANG_WARN_UNREACHABLE_CODE = YES;
				CLANG_WARN__DUPLICATE_METHOD_MATCH = YES;
				"CODE_SIGN_IDENTITY[sdk=iphoneos*]" = "iPhone Developer";
				COPY_PHASE_STRIP = NO;
				DEBUG_INFORMATION_FORMAT = "dwarf-with-dsym";
				ENABLE_NS_ASSERTIONS = NO;
				ENABLE_STRICT_OBJC_MSGSEND = YES;
				GCC_C_LANGUAGE_STANDARD = gnu99;
				GCC_NO_COMMON_BLOCKS = YES;
				GCC_WARN_64_TO_32_BIT_CONVERSION = YES;
				GCC_WARN_ABOUT_RETURN_TYPE = YES_ERROR;
				GCC_WARN_UNDECLARED_SELECTOR = YES;
				GCC_WARN_UNINITIALIZED_AUTOS = YES_AGGRESSIVE;
				GCC_WARN_UNUSED_FUNCTION = YES;
				GCC_WARN_UNUSED_VARIABLE = YES;
				IPHONEOS_DEPLOYMENT_TARGET = 9.3;
				MTL_ENABLE_DEBUG_INFO = NO;
				SDKROOT = iphoneos;
				VALIDATE_PRODUCT = YES;
			};
			name = Release;
		};
		1A61CFC31CD457D50059E089 /* Debug */ = {
			isa = XCBuildConfiguration;
			buildSettings = {
				ASSETCATALOG_COMPILER_APPICON_NAME = AppIcon;
				INFOPLIST_FILE = "Common Conditions/Info.plist";
				LD_RUNPATH_SEARCH_PATHS = "$(inherited) @executable_path/Frameworks";
				PRODUCT_BUNDLE_IDENTIFIER = "com.bardell.Common-Conditions";
				PRODUCT_NAME = "$(TARGET_NAME)";
				TARGETED_DEVICE_FAMILY = 2;
			};
			name = Debug;
		};
		1A61CFC41CD457D50059E089 /* Release */ = {
			isa = XCBuildConfiguration;
			buildSettings = {
				ASSETCATALOG_COMPILER_APPICON_NAME = AppIcon;
				INFOPLIST_FILE = "Common Conditions/Info.plist";
				LD_RUNPATH_SEARCH_PATHS = "$(inherited) @executable_path/Frameworks";
				PRODUCT_BUNDLE_IDENTIFIER = "com.bardell.Common-Conditions";
				PRODUCT_NAME = "$(TARGET_NAME)";
				TARGETED_DEVICE_FAMILY = 2;
			};
			name = Release;
		};
/* End XCBuildConfiguration section */

/* Begin XCConfigurationList section */
		1A61CFAB1CD457D40059E089 /* Build configuration list for PBXProject "Common Conditions" */ = {
			isa = XCConfigurationList;
			buildConfigurations = (
				1A61CFC01CD457D50059E089 /* Debug */,
				1A61CFC11CD457D50059E089 /* Release */,
			);
			defaultConfigurationIsVisible = 0;
			defaultConfigurationName = Release;
		};
		1A61CFC21CD457D50059E089 /* Build configuration list for PBXNativeTarget "Common Conditions" */ = {
			isa = XCConfigurationList;
			buildConfigurations = (
				1A61CFC31CD457D50059E089 /* Debug */,
				1A61CFC41CD457D50059E089 /* Release */,
			);
			defaultConfigurationIsVisible = 0;
			defaultConfigurationName = Release;
		};
/* End XCConfigurationList section */
	};
	rootObject = 1A61CFA81CD457D40059E089 /* Project object */;
}
